
Microsoft Visual Studio Solution File, Format Version 12.00
# Visual Studio Version 16
VisualStudioVersion = 16.0.28803.452
MinimumVisualStudioVersion = 10.0.40219.1
Project("{FAE04EC0-301F-11D3-BF4B-00C04F79EFBC}") = "QuanLyGiaoDienPhim", "QuanLyGiaoDienPhim\QuanLyGiaoDienPhim.csproj", "{7209C07E-CD96-439E-9E06-263B1B8E4284}"
EndProject
Project("{FAE04EC0-301F-11D3-BF4B-00C04F79EFBC}") = "KhuLuuTru_TruyXuatDuLieu", "KhuLuuTru_TruyXuatDuLieu\KhuLuuTru_TruyXuatDuLieu.csproj", "{24EBA98D-A71E-43CC-93D4-7EDBB224CA8C}"
EndProject
Project("{FAE04EC0-301F-11D3-BF4B-00C04F79EFBC}") = "CacLopTrongCSDL", "CacLopTrongCSDL\CacLopTrongCSDL.csproj", "{C60F4626-19D6-422B-97D7-138B3CA3F69E}"
EndProject
Project("{FAE04EC0-301F-11D3-BF4B-00C04F79EFBC}") = "KhuKiemTraKetNoi", "KhuKiemTraKetNoi\KhuKiemTraKetNoi.csproj", "{0912F9EA-45C5-424C-BA4B-33934921C5C5}"
EndProject
Global
	GlobalSection(SolutionConfigurationPlatforms) = preSolution
		Debug|Any CPU = Debug|Any CPU
		Release|Any CPU = Release|Any CPU
	EndGlobalSection
	GlobalSection(ProjectConfigurationPlatforms) = postSolution
		{7209C07E-CD96-439E-9E06-263B1B8E4284}.Debug|Any CPU.ActiveCfg = Debug|Any CPU
		{7209C07E-CD96-439E-9E06-263B1B8E4284}.Debug|Any CPU.Build.0 = Debug|Any CPU
		{7209C07E-CD96-439E-9E06-263B1B8E4284}.Release|Any CPU.ActiveCfg = Release|Any CPU
		{7209C07E-CD96-439E-9E06-263B1B8E4284}.Release|Any CPU.Build.0 = Release|Any CPU
		{24EBA98D-A71E-43CC-93D4-7EDBB224CA8C}.Debug|Any CPU.ActiveCfg = Debug|Any CPU
		{24EBA98D-A71E-43CC-93D4-7EDBB224CA8C}.Debug|Any CPU.Build.0 = Debug|Any CPU
		{24EBA98D-A71E-43CC-93D4-7EDBB224CA8C}.Release|Any CPU.ActiveCfg = Release|Any CPU
		{24EBA98D-A71E-43CC-93D4-7EDBB224CA8C}.Release|Any CPU.Build.0 = Release|Any CPU
		{C60F4626-19D6-422B-97D7-138B3CA3F69E}.Debug|Any CPU.ActiveCfg = Debug|Any CPU
		{C60F4626-19D6-422B-97D7-138B3CA3F69E}.Debug|Any CPU.Build.0 = Debug|Any CPU
		{C60F4626-19D6-422B-97D7-138B3CA3F69E}.Release|Any CPU.ActiveCfg = Release|Any CPU
		{C60F4626-19D6-422B-97D7-138B3CA3F69E}.Release|Any CPU.Build.0 = Release|Any CPU
		{0912F9EA-45C5-424C-BA4B-33934921C5C5}.Debug|Any CPU.ActiveCfg = Debug|Any CPU
		{0912F9EA-45C5-424C-BA4B-33934921C5C5}.Debug|Any CPU.Build.0 = Debug|Any CPU
		{0912F9EA-45C5-424C-BA4B-33934921C5C5}.Release|Any CPU.ActiveCfg = Release|Any CPU
		{0912F9EA-45C5-424C-BA4B-33934921C5C5}.Release|Any CPU.Build.0 = Release|Any CPU
	EndGlobalSection
	GlobalSection(SolutionProperties) = preSolution
		HideSolutionNode = FALSE
	EndGlobalSection
	GlobalSection(ExtensibilityGlobals) = postSolution
		SolutionGuid = {881A1655-9274-48B5-9CA7-F4669B314749}
	EndGlobalSection
EndGlobal
